
Microsoft Visual Studio Solution File, Format Version 12.00
# Visual Studio Version 16
VisualStudioVersion = 16.0.30523.141
MinimumVisualStudioVersion = 10.0.40219.1
Project("{FAE04EC0-301F-11D3-BF4B-00C04F79EFBC}") = "poscpantalla", "poscpantalla\poscpantalla.csproj", "{22989FA4-F0EC-4488-B507-4F1F74B173F6}"
EndProject
Global
	GlobalSection(SolutionConfigurationPlatforms) = preSolution
		Debug|Any CPU = Debug|Any CPU
		Release|Any CPU = Release|Any CPU
	EndGlobalSection
	GlobalSection(ProjectConfigurationPlatforms) = postSolution
		{22989FA4-F0EC-4488-B507-4F1F74B173F6}.Debug|Any CPU.ActiveCfg = Debug|Any CPU
		{22989FA4-F0EC-4488-B507-4F1F74B173F6}.Debug|Any CPU.Build.0 = Debug|Any CPU
		{22989FA4-F0EC-4488-B507-4F1F74B173F6}.Release|Any CPU.ActiveCfg = Release|Any CPU
		{22989FA4-F0EC-4488-B507-4F1F74B173F6}.Release|Any CPU.Build.0 = Release|Any CPU
	EndGlobalSection
	GlobalSection(SolutionProperties) = preSolution
		HideSolutionNode = FALSE
	EndGlobalSection
	GlobalSection(ExtensibilityGlobals) = postSolution
		SolutionGuid = {4315E92C-9438-469B-A519-4789D99F1782}
	EndGlobalSection
EndGlobal
